
Microsoft Visual Studio Solution File, Format Version 12.00
Project("{FAE04EC0-301F-11D3-BF4B-00C04F79EFBC}") = "Task1_Converter", "Task1_Converter\Task1_Converter.csproj", "{D72ED6C3-B2C8-492F-AA6B-99806B7DBF05}"
EndProject
Project("{FAE04EC0-301F-11D3-BF4B-00C04F79EFBC}") = "Task1_Bonus", "Task1_Bonus\Task1_Bonus.csproj", "{8D768BD8-58BC-4903-8006-178C247349F4}"
EndProject
Global
	GlobalSection(SolutionConfigurationPlatforms) = preSolution
		Debug|Any CPU = Debug|Any CPU
		Release|Any CPU = Release|Any CPU
	EndGlobalSection
	GlobalSection(ProjectConfigurationPlatforms) = postSolution
		{D72ED6C3-B2C8-492F-AA6B-99806B7DBF05}.Debug|Any CPU.ActiveCfg = Debug|Any CPU
		{D72ED6C3-B2C8-492F-AA6B-99806B7DBF05}.Debug|Any CPU.Build.0 = Debug|Any CPU
		{D72ED6C3-B2C8-492F-AA6B-99806B7DBF05}.Release|Any CPU.ActiveCfg = Release|Any CPU
		{D72ED6C3-B2C8-492F-AA6B-99806B7DBF05}.Release|Any CPU.Build.0 = Release|Any CPU
		{8D768BD8-58BC-4903-8006-178C247349F4}.Debug|Any CPU.ActiveCfg = Debug|Any CPU
		{8D768BD8-58BC-4903-8006-178C247349F4}.Debug|Any CPU.Build.0 = Debug|Any CPU
		{8D768BD8-58BC-4903-8006-178C247349F4}.Release|Any CPU.ActiveCfg = Release|Any CPU
		{8D768BD8-58BC-4903-8006-178C247349F4}.Release|Any CPU.Build.0 = Release|Any CPU
	EndGlobalSection
EndGlobal
