
Microsoft Visual Studio Solution File, Format Version 12.00
Project("{FAE04EC0-301F-11D3-BF4B-00C04F79EFBC}") = "sol2", "sol2\sol2.csproj", "{8ABF6993-C83E-4733-9143-3394926BAC69}"
EndProject
Project("{FAE04EC0-301F-11D3-BF4B-00C04F79EFBC}") = "sol1", "sol1\sol1.csproj", "{63A4EAFA-C69A-4214-B247-D0C3CF4BF391}"
EndProject
Global
	GlobalSection(SolutionConfigurationPlatforms) = preSolution
		Debug|Any CPU = Debug|Any CPU
		Release|Any CPU = Release|Any CPU
	EndGlobalSection
	GlobalSection(ProjectConfigurationPlatforms) = postSolution
		{8ABF6993-C83E-4733-9143-3394926BAC69}.Debug|Any CPU.ActiveCfg = Debug|Any CPU
		{8ABF6993-C83E-4733-9143-3394926BAC69}.Debug|Any CPU.Build.0 = Debug|Any CPU
		{8ABF6993-C83E-4733-9143-3394926BAC69}.Release|Any CPU.ActiveCfg = Release|Any CPU
		{8ABF6993-C83E-4733-9143-3394926BAC69}.Release|Any CPU.Build.0 = Release|Any CPU
		{63A4EAFA-C69A-4214-B247-D0C3CF4BF391}.Debug|Any CPU.ActiveCfg = Debug|Any CPU
		{63A4EAFA-C69A-4214-B247-D0C3CF4BF391}.Debug|Any CPU.Build.0 = Debug|Any CPU
		{63A4EAFA-C69A-4214-B247-D0C3CF4BF391}.Release|Any CPU.ActiveCfg = Release|Any CPU
		{63A4EAFA-C69A-4214-B247-D0C3CF4BF391}.Release|Any CPU.Build.0 = Release|Any CPU
	EndGlobalSection
EndGlobal
