
Microsoft Visual Studio Solution File, Format Version 12.00
Project("{FAE04EC0-301F-11D3-BF4B-00C04F79EFBC}") = "sol1", "sol1\sol1.csproj", "{4AC994D7-F4F5-489C-8BA5-078853AE3EFE}"
EndProject
Global
	GlobalSection(SolutionConfigurationPlatforms) = preSolution
		Debug|Any CPU = Debug|Any CPU
		Release|Any CPU = Release|Any CPU
	EndGlobalSection
	GlobalSection(ProjectConfigurationPlatforms) = postSolution
		{4AC994D7-F4F5-489C-8BA5-078853AE3EFE}.Debug|Any CPU.ActiveCfg = Debug|Any CPU
		{4AC994D7-F4F5-489C-8BA5-078853AE3EFE}.Debug|Any CPU.Build.0 = Debug|Any CPU
		{4AC994D7-F4F5-489C-8BA5-078853AE3EFE}.Release|Any CPU.ActiveCfg = Release|Any CPU
		{4AC994D7-F4F5-489C-8BA5-078853AE3EFE}.Release|Any CPU.Build.0 = Release|Any CPU
	EndGlobalSection
EndGlobal
